
Microsoft Visual Studio Solution File, Format Version 12.00
Project("{FAE04EC0-301F-11D3-BF4B-00C04F79EFBC}") = "Zepheng", "Zepheng\Zepheng.csproj", "{141AED34-ED32-4FE9-934F-DE881E4F90DF}"
EndProject
Global
	GlobalSection(SolutionConfigurationPlatforms) = preSolution
		Debug|Any CPU = Debug|Any CPU
		Release|Any CPU = Release|Any CPU
	EndGlobalSection
	GlobalSection(ProjectConfigurationPlatforms) = postSolution
		{141AED34-ED32-4FE9-934F-DE881E4F90DF}.Debug|Any CPU.ActiveCfg = Debug|Any CPU
		{141AED34-ED32-4FE9-934F-DE881E4F90DF}.Debug|Any CPU.Build.0 = Debug|Any CPU
		{141AED34-ED32-4FE9-934F-DE881E4F90DF}.Release|Any CPU.ActiveCfg = Release|Any CPU
		{141AED34-ED32-4FE9-934F-DE881E4F90DF}.Release|Any CPU.Build.0 = Release|Any CPU
	EndGlobalSection
EndGlobal
